// !$*UTF8*$!
{
	archiveVersion = 1;
	classes = {
	};
	objectVersion = 50;
	objects = {

/* Begin PBXBuildFile section */
		A2367CEF273CC40800DC28B3 /* SignInView.swift in Sources */ = {isa = PBXBuildFile; fileRef = A2367CEE273CC40800DC28B3 /* SignInView.swift */; };
		F05CB5C1272E0F6F00EC951C /* PictafyApp.swift in Sources */ = {isa = PBXBuildFile; fileRef = F05CB5C0272E0F6F00EC951C /* PictafyApp.swift */; };
		F05CB5C3272E0F6F00EC951C /* HomeView.swift in Sources */ = {isa = PBXBuildFile; fileRef = F05CB5C2272E0F6F00EC951C /* HomeView.swift */; };
		F05CB5C5272E0F7000EC951C /* Assets.xcassets in Resources */ = {isa = PBXBuildFile; fileRef = F05CB5C4272E0F7000EC951C /* Assets.xcassets */; };
		F05CB5C8272E0F7000EC951C /* Preview Assets.xcassets in Resources */ = {isa = PBXBuildFile; fileRef = F05CB5C7272E0F7000EC951C /* Preview Assets.xcassets */; };
/* End PBXBuildFile section */

/* Begin PBXFileReference section */
		A2367CEE273CC40800DC28B3 /* SignInView.swift */ = {isa = PBXFileReference; lastKnownFileType = sourcecode.swift; path = SignInView.swift; sourceTree = "<group>"; };
		F05CB5BD272E0F6F00EC951C /* Pictafy.app */ = {isa = PBXFileReference; explicitFileType = wrapper.application; includeInIndex = 0; path = Pictafy.app; sourceTree = BUILT_PRODUCTS_DIR; };
		F05CB5C0272E0F6F00EC951C /* PictafyApp.swift */ = {isa = PBXFileReference; lastKnownFileType = sourcecode.swift; path = PictafyApp.swift; sourceTree = "<group>"; };
		F05CB5C2272E0F6F00EC951C /* HomeView.swift */ = {isa = PBXFileReference; lastKnownFileType = sourcecode.swift; path = HomeView.swift; sourceTree = "<group>"; };
		F05CB5C4272E0F7000EC951C /* Assets.xcassets */ = {isa = PBXFileReference; lastKnownFileType = folder.assetcatalog; path = Assets.xcassets; sourceTree = "<group>"; };
		F05CB5C7272E0F7000EC951C /* Preview Assets.xcassets */ = {isa = PBXFileReference; lastKnownFileType = folder.assetcatalog; path = "Preview Assets.xcassets"; sourceTree = "<group>"; };
		F05CB5C9272E0F7000EC951C /* Info.plist */ = {isa = PBXFileReference; lastKnownFileType = text.plist.xml; path = Info.plist; sourceTree = "<group>"; };
/* End PBXFileReference section */

/* Begin PBXFrameworksBuildPhase section */
		F05CB5BA272E0F6F00EC951C /* Frameworks */ = {
			isa = PBXFrameworksBuildPhase;
			buildActionMask = 2147483647;
			files = (
			);
			runOnlyForDeploymentPostprocessing = 0;
		};
/* End PBXFrameworksBuildPhase section */

/* Begin PBXGroup section */
		5DABF792273CCCE0008CB9ED /* Models */ = {
			isa = PBXGroup;
			children = (
			);
			path = Models;
			sourceTree = "<group>";
		};
		5DABF793273CCCEE008CB9ED /* Views */ = {
			isa = PBXGroup;
			children = (
				A2367CEE273CC40800DC28B3 /* SignInView.swift */,
				F05CB5C2272E0F6F00EC951C /* HomeView.swift */,
			);
			path = Views;
			sourceTree = "<group>";
		};
		5DABF794273CCD03008CB9ED /* Data */ = {
			isa = PBXGroup;
			children = (
				5DABF795273CCD0C008CB9ED /* Repositories */,
			);
			path = Data;
			sourceTree = "<group>";
		};
		5DABF795273CCD0C008CB9ED /* Repositories */ = {
			isa = PBXGroup;
			children = (
			);
			path = Repositories;
			sourceTree = "<group>";
		};
		5DABF796273CCD37008CB9ED /* Services */ = {
			isa = PBXGroup;
			children = (
			);
			path = Services;
			sourceTree = "<group>";
		};
		5DABF797273CCD49008CB9ED /* Application */ = {
			isa = PBXGroup;
			children = (
				F05CB5C0272E0F6F00EC951C /* PictafyApp.swift */,
			);
			path = Application;
			sourceTree = "<group>";
		};
		F05CB5B4272E0F6F00EC951C = {
			isa = PBXGroup;
			children = (
				F05CB5BF272E0F6F00EC951C /* Pictafy */,
				F05CB5BE272E0F6F00EC951C /* Products */,
			);
			sourceTree = "<group>";
		};
		F05CB5BE272E0F6F00EC951C /* Products */ = {
			isa = PBXGroup;
			children = (
				F05CB5BD272E0F6F00EC951C /* Pictafy.app */,
			);
			name = Products;
			sourceTree = "<group>";
		};
		F05CB5BF272E0F6F00EC951C /* Pictafy */ = {
			isa = PBXGroup;
			children = (
				5DABF797273CCD49008CB9ED /* Application */,
				5DABF793273CCCEE008CB9ED /* Views */,
				5DABF792273CCCE0008CB9ED /* Models */,
				5DABF794273CCD03008CB9ED /* Data */,
				5DABF796273CCD37008CB9ED /* Services */,
				F05CB5C4272E0F7000EC951C /* Assets.xcassets */,
				F05CB5C9272E0F7000EC951C /* Info.plist */,
				F05CB5C6272E0F7000EC951C /* Preview Content */,
			);
			path = Pictafy;
			sourceTree = "<group>";
		};
		F05CB5C6272E0F7000EC951C /* Preview Content */ = {
			isa = PBXGroup;
			children = (
				F05CB5C7272E0F7000EC951C /* Preview Assets.xcassets */,
			);
			path = "Preview Content";
			sourceTree = "<group>";
		};
/* End PBXGroup section */

/* Begin PBXNativeTarget section */
		F05CB5BC272E0F6F00EC951C /* Pictafy */ = {
			isa = PBXNativeTarget;
			buildConfigurationList = F05CB5CC272E0F7000EC951C /* Build configuration list for PBXNativeTarget "Pictafy" */;
			buildPhases = (
				F05CB5B9272E0F6F00EC951C /* Sources */,
				F05CB5BA272E0F6F00EC951C /* Frameworks */,
				F05CB5BB272E0F6F00EC951C /* Resources */,
			);
			buildRules = (
			);
			dependencies = (
			);
			name = Pictafy;
			productName = Pictafy;
			productReference = F05CB5BD272E0F6F00EC951C /* Pictafy.app */;
			productType = "com.apple.product-type.application";
		};
/* End PBXNativeTarget section */

/* Begin PBXProject section */
		F05CB5B5272E0F6F00EC951C /* Project object */ = {
			isa = PBXProject;
			attributes = {
				LastSwiftUpdateCheck = 1250;
				LastUpgradeCheck = 1250;
				TargetAttributes = {
					F05CB5BC272E0F6F00EC951C = {
						CreatedOnToolsVersion = 12.5.1;
					};
				};
			};
			buildConfigurationList = F05CB5B8272E0F6F00EC951C /* Build configuration list for PBXProject "Pictafy" */;
			compatibilityVersion = "Xcode 9.3";
			developmentRegion = en;
			hasScannedForEncodings = 0;
			knownRegions = (
				en,
				Base,
			);
			mainGroup = F05CB5B4272E0F6F00EC951C;
			productRefGroup = F05CB5BE272E0F6F00EC951C /* Products */;
			projectDirPath = "";
			projectRoot = "";
			targets = (
				F05CB5BC272E0F6F00EC951C /* Pictafy */,
			);
		};
/* End PBXProject section */

/* Begin PBXResourcesBuildPhase section */
		F05CB5BB272E0F6F00EC951C /* Resources */ = {
			isa = PBXResourcesBuildPhase;
			buildActionMask = 2147483647;
			files = (
				F05CB5C8272E0F7000EC951C /* Preview Assets.xcassets in Resources */,
				F05CB5C5272E0F7000EC951C /* Assets.xcassets in Resources */,
			);
			runOnlyForDeploymentPostprocessing = 0;
		};
/* End PBXResourcesBuildPhase section */

/* Begin PBXSourcesBuildPhase section */
		F05CB5B9272E0F6F00EC951C /* Sources */ = {
			isa = PBXSourcesBuildPhase;
			buildActionMask = 2147483647;
			files = (
				A2367CEF273CC40800DC28B3 /* SignInView.swift in Sources */,
				F05CB5C3272E0F6F00EC951C /* HomeView.swift in Sources */,
				F05CB5C1272E0F6F00EC951C /* PictafyApp.swift in Sources */,
			);
			runOnlyForDeploymentPostprocessing = 0;
		};
/* End PBXSourcesBuildPhase section */

/* Begin XCBuildConfiguration section */
		F05CB5CA272E0F7000EC951C /* Debug */ = {
			isa = XCBuildConfiguration;
			buildSettings = {
				ALWAYS_SEARCH_USER_PATHS = NO;
				CLANG_ANALYZER_NONNULL = YES;
				CLANG_ANALYZER_NUMBER_OBJECT_CONVERSION = YES_AGGRESSIVE;
				CLANG_CXX_LANGUAGE_STANDARD = "gnu++14";
				CLANG_CXX_LIBRARY = "libc++";
				CLANG_ENABLE_MODULES = YES;
				CLANG_ENABLE_OBJC_ARC = YES;
				CLANG_ENABLE_OBJC_WEAK = YES;
				CLANG_WARN_BLOCK_CAPTURE_AUTORELEASING = YES;
				CLANG_WARN_BOOL_CONVERSION = YES;
				CLANG_WARN_COMMA = YES;
				CLANG_WARN_CONSTANT_CONVERSION = YES;
				CLANG_WARN_DEPRECATED_OBJC_IMPLEMENTATIONS = YES;
				CLANG_WARN_DIRECT_OBJC_ISA_USAGE = YES_ERROR;
				CLANG_WARN_DOCUMENTATION_COMMENTS = YES;
				CLANG_WARN_EMPTY_BODY = YES;
				CLANG_WARN_ENUM_CONVERSION = YES;
				CLANG_WARN_INFINITE_RECURSION = YES;
				CLANG_WARN_INT_CONVERSION = YES;
				CLANG_WARN_NON_LITERAL_NULL_CONVERSION = YES;
				CLANG_WARN_OBJC_IMPLICIT_RETAIN_SELF = YES;
				CLANG_WARN_OBJC_LITERAL_CONVERSION = YES;
				CLANG_WARN_OBJC_ROOT_CLASS = YES_ERROR;
				CLANG_WARN_QUOTED_INCLUDE_IN_FRAMEWORK_HEADER = YES;
				CLANG_WARN_RANGE_LOOP_ANALYSIS = YES;
				CLANG_WARN_STRICT_PROTOTYPES = YES;
				CLANG_WARN_SUSPICIOUS_MOVE = YES;
				CLANG_WARN_UNGUARDED_AVAILABILITY = YES_AGGRESSIVE;
				CLANG_WARN_UNREACHABLE_CODE = YES;
				CLANG_WARN__DUPLICATE_METHOD_MATCH = YES;
				COPY_PHASE_STRIP = NO;
				DEBUG_INFORMATION_FORMAT = dwarf;
				ENABLE_STRICT_OBJC_MSGSEND = YES;
				ENABLE_TESTABILITY = YES;
				GCC_C_LANGUAGE_STANDARD = gnu11;
				GCC_DYNAMIC_NO_PIC = NO;
				GCC_NO_COMMON_BLOCKS = YES;
				GCC_OPTIMIZATION_LEVEL = 0;
				GCC_PREPROCESSOR_DEFINITIONS = (
					"DEBUG=1",
					"$(inherited)",
				);
				GCC_WARN_64_TO_32_BIT_CONVERSION = YES;
				GCC_WARN_ABOUT_RETURN_TYPE = YES_ERROR;
				GCC_WARN_UNDECLARED_SELECTOR = YES;
				GCC_WARN_UNINITIALIZED_AUTOS = YES_AGGRESSIVE;
				GCC_WARN_UNUSED_FUNCTION = YES;
				GCC_WARN_UNUSED_VARIABLE = YES;
				IPHONEOS_DEPLOYMENT_TARGET = 14.5;
				MTL_ENABLE_DEBUG_INFO = INCLUDE_SOURCE;
				MTL_FAST_MATH = YES;
				ONLY_ACTIVE_ARCH = YES;
				SDKROOT = iphoneos;
				SWIFT_ACTIVE_COMPILATION_CONDITIONS = DEBUG;
				SWIFT_OPTIMIZATION_LEVEL = "-Onone";
			};
			name = Debug;
		};
		F05CB5CB272E0F7000EC951C /* Release */ = {
			isa = XCBuildConfiguration;
			buildSettings = {
				ALWAYS_SEARCH_USER_PATHS = NO;
				CLANG_ANALYZER_NONNULL = YES;
				CLANG_ANALYZER_NUMBER_OBJECT_CONVERSION = YES_AGGRESSIVE;
				CLANG_CXX_LANGUAGE_STANDARD = "gnu++14";
				CLANG_CXX_LIBRARY = "libc++";
				CLANG_ENABLE_MODULES = YES;
				CLANG_ENABLE_OBJC_ARC = YES;
				CLANG_ENABLE_OBJC_WEAK = YES;
				CLANG_WARN_BLOCK_CAPTURE_AUTORELEASING = YES;
				CLANG_WARN_BOOL_CONVERSION = YES;
				CLANG_WARN_COMMA = YES;
				CLANG_WARN_CONSTANT_CONVERSION = YES;
				CLANG_WARN_DEPRECATED_OBJC_IMPLEMENTATIONS = YES;
				CLANG_WARN_DIRECT_OBJC_ISA_USAGE = YES_ERROR;
				CLANG_WARN_DOCUMENTATION_COMMENTS = YES;
				CLANG_WARN_EMPTY_BODY = YES;
				CLANG_WARN_ENUM_CONVERSION = YES;
				CLANG_WARN_INFINITE_RECURSION = YES;
				CLANG_WARN_INT_CONVERSION = YES;
				CLANG_WARN_NON_LITERAL_NULL_CONVERSION = YES;
				CLANG_WARN_OBJC_IMPLICIT_RETAIN_SELF = YES;
				CLANG_WARN_OBJC_LITERAL_CONVERSION = YES;
				CLANG_WARN_OBJC_ROOT_CLASS = YES_ERROR;
				CLANG_WARN_QUOTED_INCLUDE_IN_FRAMEWORK_HEADER = YES;
				CLANG_WARN_RANGE_LOOP_ANALYSIS = YES;
				CLANG_WARN_STRICT_PROTOTYPES = YES;
				CLANG_WARN_SUSPICIOUS_MOVE = YES;
				CLANG_WARN_UNGUARDED_AVAILABILITY = YES_AGGRESSIVE;
				CLANG_WARN_UNREACHABLE_CODE = YES;
				CLANG_WARN__DUPLICATE_METHOD_MATCH = YES;
				COPY_PHASE_STRIP = NO;
				DEBUG_INFORMATION_FORMAT = "dwarf-with-dsym";
				ENABLE_NS_ASSERTIONS = NO;
				ENABLE_STRICT_OBJC_MSGSEND = YES;
				GCC_C_LANGUAGE_STANDARD = gnu11;
				GCC_NO_COMMON_BLOCKS = YES;
				GCC_WARN_64_TO_32_BIT_CONVERSION = YES;
				GCC_WARN_ABOUT_RETURN_TYPE = YES_ERROR;
				GCC_WARN_UNDECLARED_SELECTOR = YES;
				GCC_WARN_UNINITIALIZED_AUTOS = YES_AGGRESSIVE;
				GCC_WARN_UNUSED_FUNCTION = YES;
				GCC_WARN_UNUSED_VARIABLE = YES;
				IPHONEOS_DEPLOYMENT_TARGET = 14.5;
				MTL_ENABLE_DEBUG_INFO = NO;
				MTL_FAST_MATH = YES;
				SDKROOT = iphoneos;
				SWIFT_COMPILATION_MODE = wholemodule;
				SWIFT_OPTIMIZATION_LEVEL = "-O";
				VALIDATE_PRODUCT = YES;
			};
			name = Release;
		};
		F05CB5CD272E0F7000EC951C /* Debug */ = {
			isa = XCBuildConfiguration;
			buildSettings = {
				ASSETCATALOG_COMPILER_APPICON_NAME = AppIcon;
				ASSETCATALOG_COMPILER_GLOBAL_ACCENT_COLOR_NAME = AccentColor;
				CODE_SIGN_STYLE = Automatic;
				DEVELOPMENT_ASSET_PATHS = "\"Pictafy/Preview Content\"";
				DEVELOPMENT_TEAM = QP5FF7Y6D5;
				ENABLE_PREVIEWS = YES;
				INFOPLIST_FILE = Pictafy/Info.plist;
				IPHONEOS_DEPLOYMENT_TARGET = 14.0;
				LD_RUNPATH_SEARCH_PATHS = (
					"$(inherited)",
					"@executable_path/Frameworks",
				);
				PRODUCT_BUNDLE_IDENTIFIER = com.simeoni.Pictafy;
				PRODUCT_NAME = "$(TARGET_NAME)";
				SWIFT_VERSION = 5.0;
				TARGETED_DEVICE_FAMILY = "1,2";
			};
			name = Debug;
		};
		F05CB5CE272E0F7000EC951C /* Release */ = {
			isa = XCBuildConfiguration;
			buildSettings = {
				ASSETCATALOG_COMPILER_APPICON_NAME = AppIcon;
				ASSETCATALOG_COMPILER_GLOBAL_ACCENT_COLOR_NAME = AccentColor;
				CODE_SIGN_STYLE = Automatic;
				DEVELOPMENT_ASSET_PATHS = "\"Pictafy/Preview Content\"";
				DEVELOPMENT_TEAM = QP5FF7Y6D5;
				ENABLE_PREVIEWS = YES;
				INFOPLIST_FILE = Pictafy/Info.plist;
				IPHONEOS_DEPLOYMENT_TARGET = 14.0;
				LD_RUNPATH_SEARCH_PATHS = (
					"$(inherited)",
					"@executable_path/Frameworks",
				);
				PRODUCT_BUNDLE_IDENTIFIER = com.simeoni.Pictafy;
				PRODUCT_NAME = "$(TARGET_NAME)";
				SWIFT_VERSION = 5.0;
				TARGETED_DEVICE_FAMILY = "1,2";
			};
			name = Release;
		};
/* End XCBuildConfiguration section */

/* Begin XCConfigurationList section */
		F05CB5B8272E0F6F00EC951C /* Build configuration list for PBXProject "Pictafy" */ = {
			isa = XCConfigurationList;
			buildConfigurations = (
				F05CB5CA272E0F7000EC951C /* Debug */,
				F05CB5CB272E0F7000EC951C /* Release */,
			);
			defaultConfigurationIsVisible = 0;
			defaultConfigurationName = Release;
		};
		F05CB5CC272E0F7000EC951C /* Build configuration list for PBXNativeTarget "Pictafy" */ = {
			isa = XCConfigurationList;
			buildConfigurations = (
				F05CB5CD272E0F7000EC951C /* Debug */,
				F05CB5CE272E0F7000EC951C /* Release */,
			);
			defaultConfigurationIsVisible = 0;
			defaultConfigurationName = Release;
		};
/* End XCConfigurationList section */
	};
	rootObject = F05CB5B5272E0F6F00EC951C /* Project object */;
}
